<?xml version="1.0" encoding="utf-8"?>
<Project ToolsVersion="4.0" xmlns="http://schemas.microsoft.com/developer/msbuild/2003">
  <ItemGroup>
    <Filter Include="VCE">
      <UniqueIdentifier>{A329880B-0F33-887C-98AE-9E7C04B7937C}</UniqueIdentifier>
    </Filter>
    <Filter Include="VCE\Events">
      <UniqueIdentifier>{27400087-13F8-41D4-7CFF-1A3068D6DCC4}</UniqueIdentifier>
    </Filter>
  </ItemGroup>
  <ItemGroup>
    <ClInclude Include="src\VCE.h" />
    <ClInclude Include="src\VCE\Application.h">
      <Filter>VCE</Filter>
    </ClInclude>
    <ClInclude Include="src\VCE\Core.h">
      <Filter>VCE</Filter>
    </ClInclude>
    <ClInclude Include="src\VCE\EntryPoint.h">
      <Filter>VCE</Filter>
    </ClInclude>
    <ClInclude Include="src\VCE\Events\ApplicationEvent.h">
      <Filter>VCE\Events</Filter>
    </ClInclude>
    <ClInclude Include="src\VCE\Events\Event.h">
      <Filter>VCE\Events</Filter>
    </ClInclude>
    <ClInclude Include="src\VCE\Events\KeyEvent.h">
      <Filter>VCE\Events</Filter>
    </ClInclude>
    <ClInclude Include="src\VCE\Events\MouseEvent.h">
      <Filter>VCE\Events</Filter>
    </ClInclude>
    <ClInclude Include="src\VCE\Log.h">
      <Filter>VCE</Filter>
    </ClInclude>
    <ClInclude Include="src\vcepch.h" />
  </ItemGroup>
  <ItemGroup>
    <ClCompile Include="src\VCE\Application.cpp">
      <Filter>VCE</Filter>
    </ClCompile>
    <ClCompile Include="src\VCE\Log.cpp">
      <Filter>VCE</Filter>
    </ClCompile>
    <ClCompile Include="src\vcepch.cpp" />
  </ItemGroup>
</Project>