<?xml version="1.0" encoding="utf-8"?>
<Project ToolsVersion="4.0" xmlns="http://schemas.microsoft.com/developer/msbuild/2003">
  <ItemGroup>
    <Filter Include="Platform">
      <UniqueIdentifier>{2AC788B4-1694-E3BF-3FAD-D1672BD9184E}</UniqueIdentifier>
    </Filter>
    <Filter Include="Platform\OpenGL">
      <UniqueIdentifier>{1E7D2C1D-8A08-9AE1-9319-1DD6FF23F6E1}</UniqueIdentifier>
    </Filter>
    <Filter Include="Platform\Windows">
      <UniqueIdentifier>{64FBD71A-50F4-F66C-7926-DCF1657ED678}</UniqueIdentifier>
    </Filter>
    <Filter Include="VCE">
      <UniqueIdentifier>{A329880B-0F33-887C-98AE-9E7C04B7937C}</UniqueIdentifier>
    </Filter>
    <Filter Include="VCE\Events">
      <UniqueIdentifier>{27400087-13F8-41D4-7CFF-1A3068D6DCC4}</UniqueIdentifier>
    </Filter>
    <Filter Include="VCE\ImGui">
      <UniqueIdentifier>{0D0DA01B-7977-5492-C2B5-05382E5F32E7}</UniqueIdentifier>
    </Filter>
  </ItemGroup>
  <ItemGroup>
    <ClInclude Include="src\Platform\Windows\WindowsWindow.h">
      <Filter>Platform\Windows</Filter>
    </ClInclude>
    <ClInclude Include="src\VCE.h" />
    <ClInclude Include="src\VCE\Application.h">
      <Filter>VCE</Filter>
    </ClInclude>
    <ClInclude Include="src\VCE\Core.h">
      <Filter>VCE</Filter>
    </ClInclude>
    <ClInclude Include="src\VCE\EntryPoint.h">
      <Filter>VCE</Filter>
    </ClInclude>
    <ClInclude Include="src\VCE\Events\ApplicationEvent.h">
      <Filter>VCE\Events</Filter>
    </ClInclude>
    <ClInclude Include="src\VCE\Events\Event.h">
      <Filter>VCE\Events</Filter>
    </ClInclude>
    <ClInclude Include="src\VCE\Events\KeyEvent.h">
      <Filter>VCE\Events</Filter>
    </ClInclude>
    <ClInclude Include="src\VCE\Events\MouseEvent.h">
      <Filter>VCE\Events</Filter>
    </ClInclude>
    <ClInclude Include="src\VCE\ImGui\ImGuiLayer.h">
      <Filter>VCE\ImGui</Filter>
    </ClInclude>
    <ClInclude Include="src\VCE\Layer.h">
      <Filter>VCE</Filter>
    </ClInclude>
    <ClInclude Include="src\VCE\LayerStack.h">
      <Filter>VCE</Filter>
    </ClInclude>
    <ClInclude Include="src\VCE\Log.h">
      <Filter>VCE</Filter>
    </ClInclude>
    <ClInclude Include="src\VCE\Window.h">
      <Filter>VCE</Filter>
    </ClInclude>
    <ClInclude Include="src\vcepch.h" />
    <ClInclude Include="src\Platform\OpenGL\ImGuiOpenGLRenderer.h" />
    <ClInclude Include="src\Platform\OpenGL\WindowsInput.h">
      <Filter>Platform\Windows</Filter>
    </ClInclude>
    <ClInclude Include="src\VCE\Input.h">
      <Filter>VCE</Filter>
    </ClInclude>
  </ItemGroup>
  <ItemGroup>
    <ClCompile Include="src\Platform\Windows\WindowsWindow.cpp">
      <Filter>Platform\Windows</Filter>
    </ClCompile>
    <ClCompile Include="src\VCE\Application.cpp">
      <Filter>VCE</Filter>
    </ClCompile>
    <ClCompile Include="src\VCE\ImGui\ImGuiLayer.cpp">
      <Filter>VCE\ImGui</Filter>
    </ClCompile>
    <ClCompile Include="src\VCE\Layer.cpp">
      <Filter>VCE</Filter>
    </ClCompile>
    <ClCompile Include="src\VCE\LayerStack.cpp">
      <Filter>VCE</Filter>
    </ClCompile>
    <ClCompile Include="src\VCE\Log.cpp">
      <Filter>VCE</Filter>
    </ClCompile>
    <ClCompile Include="src\vcepch.cpp" />
    <ClCompile Include="src\VCE\ImGui\ImGuiBuildcpp.cpp" />
    <ClCompile Include="src\Platform\OpenGL\ImGuiOpenGLRenderer.cpp" />
    <ClCompile Include="src\Platform\OpenGL\WindowsInput.cpp">
      <Filter>Platform\Windows</Filter>
    </ClCompile>
  </ItemGroup>
</Project>